// !$*UTF8*$!
{
	archiveVersion = 1;
	classes = {
	};
	objectVersion = 56;
	objects = {

/* Begin PBXBuildFile section */
		17FB53BE2B0439EF006FDA0D /* AppDelegate.swift in Sources */ = {isa = PBXBuildFile; fileRef = 17FB53BD2B0439EF006FDA0D /* AppDelegate.swift */; };
		17FB53C02B0439EF006FDA0D /* SceneDelegate.swift in Sources */ = {isa = PBXBuildFile; fileRef = 17FB53BF2B0439EF006FDA0D /* SceneDelegate.swift */; };
		17FB53C22B0439EF006FDA0D /* ViewController.swift in Sources */ = {isa = PBXBuildFile; fileRef = 17FB53C12B0439EF006FDA0D /* ViewController.swift */; };
		17FB53C52B0439EF006FDA0D /* Main.storyboard in Resources */ = {isa = PBXBuildFile; fileRef = 17FB53C32B0439EF006FDA0D /* Main.storyboard */; };
		17FB53C72B0439F0006FDA0D /* Assets.xcassets in Resources */ = {isa = PBXBuildFile; fileRef = 17FB53C62B0439F0006FDA0D /* Assets.xcassets */; };
		17FB53CA2B0439F0006FDA0D /* LaunchScreen.storyboard in Resources */ = {isa = PBXBuildFile; fileRef = 17FB53C82B0439F0006FDA0D /* LaunchScreen.storyboard */; };
		17FB540E2B0447D1006FDA0D /* FirebaseAnalytics in Frameworks */ = {isa = PBXBuildFile; productRef = 17FB540D2B0447D1006FDA0D /* FirebaseAnalytics */; };
		17FB54102B0447D1006FDA0D /* FirebaseAnalyticsOnDeviceConversion in Frameworks */ = {isa = PBXBuildFile; productRef = 17FB540F2B0447D1006FDA0D /* FirebaseAnalyticsOnDeviceConversion */; };
		17FB54122B0447D1006FDA0D /* FirebaseAnalyticsSwift in Frameworks */ = {isa = PBXBuildFile; productRef = 17FB54112B0447D1006FDA0D /* FirebaseAnalyticsSwift */; };
		17FB54142B0447D1006FDA0D /* FirebaseAnalyticsWithoutAdIdSupport in Frameworks */ = {isa = PBXBuildFile; productRef = 17FB54132B0447D1006FDA0D /* FirebaseAnalyticsWithoutAdIdSupport */; };
		17FB54162B0447D1006FDA0D /* FirebaseAppCheck in Frameworks */ = {isa = PBXBuildFile; productRef = 17FB54152B0447D1006FDA0D /* FirebaseAppCheck */; };
		17FB54182B0447D1006FDA0D /* FirebaseAppDistribution-Beta in Frameworks */ = {isa = PBXBuildFile; productRef = 17FB54172B0447D1006FDA0D /* FirebaseAppDistribution-Beta */; };
		17FB541A2B0447D1006FDA0D /* FirebaseAuth in Frameworks */ = {isa = PBXBuildFile; productRef = 17FB54192B0447D1006FDA0D /* FirebaseAuth */; };
		17FB541C2B0447D1006FDA0D /* FirebaseAuthCombine-Community in Frameworks */ = {isa = PBXBuildFile; productRef = 17FB541B2B0447D1006FDA0D /* FirebaseAuthCombine-Community */; };
		17FB541E2B0447D2006FDA0D /* FirebaseCrashlytics in Frameworks */ = {isa = PBXBuildFile; productRef = 17FB541D2B0447D2006FDA0D /* FirebaseCrashlytics */; };
		17FB54202B0447D2006FDA0D /* FirebaseDatabase in Frameworks */ = {isa = PBXBuildFile; productRef = 17FB541F2B0447D2006FDA0D /* FirebaseDatabase */; };
		17FB54222B0447D2006FDA0D /* FirebaseDatabaseSwift in Frameworks */ = {isa = PBXBuildFile; productRef = 17FB54212B0447D2006FDA0D /* FirebaseDatabaseSwift */; };
		17FB54242B0447D2006FDA0D /* FirebaseDynamicLinks in Frameworks */ = {isa = PBXBuildFile; productRef = 17FB54232B0447D2006FDA0D /* FirebaseDynamicLinks */; };
		17FB54262B0447D2006FDA0D /* FirebaseFirestore in Frameworks */ = {isa = PBXBuildFile; productRef = 17FB54252B0447D2006FDA0D /* FirebaseFirestore */; };
		17FB54282B0447D2006FDA0D /* FirebaseFirestoreCombine-Community in Frameworks */ = {isa = PBXBuildFile; productRef = 17FB54272B0447D2006FDA0D /* FirebaseFirestoreCombine-Community */; };
		17FB542A2B0447D2006FDA0D /* FirebaseFirestoreSwift in Frameworks */ = {isa = PBXBuildFile; productRef = 17FB54292B0447D2006FDA0D /* FirebaseFirestoreSwift */; };
		17FB542C2B0447D2006FDA0D /* FirebaseFunctions in Frameworks */ = {isa = PBXBuildFile; productRef = 17FB542B2B0447D2006FDA0D /* FirebaseFunctions */; };
		17FB542E2B0447D2006FDA0D /* FirebaseFunctionsCombine-Community in Frameworks */ = {isa = PBXBuildFile; productRef = 17FB542D2B0447D2006FDA0D /* FirebaseFunctionsCombine-Community */; };
		17FB54302B0447D2006FDA0D /* FirebaseInAppMessaging-Beta in Frameworks */ = {isa = PBXBuildFile; productRef = 17FB542F2B0447D2006FDA0D /* FirebaseInAppMessaging-Beta */; };
		17FB54322B0447D2006FDA0D /* FirebaseInAppMessagingSwift-Beta in Frameworks */ = {isa = PBXBuildFile; productRef = 17FB54312B0447D2006FDA0D /* FirebaseInAppMessagingSwift-Beta */; };
		17FB54342B0447D2006FDA0D /* FirebaseInstallations in Frameworks */ = {isa = PBXBuildFile; productRef = 17FB54332B0447D2006FDA0D /* FirebaseInstallations */; };
		17FB54362B0447D2006FDA0D /* FirebaseMLModelDownloader in Frameworks */ = {isa = PBXBuildFile; productRef = 17FB54352B0447D2006FDA0D /* FirebaseMLModelDownloader */; };
		17FB54382B0447D2006FDA0D /* FirebaseMessaging in Frameworks */ = {isa = PBXBuildFile; productRef = 17FB54372B0447D2006FDA0D /* FirebaseMessaging */; };
		17FB543A2B0447D2006FDA0D /* FirebasePerformance in Frameworks */ = {isa = PBXBuildFile; productRef = 17FB54392B0447D2006FDA0D /* FirebasePerformance */; };
		17FB543C2B0447D2006FDA0D /* FirebaseRemoteConfig in Frameworks */ = {isa = PBXBuildFile; productRef = 17FB543B2B0447D2006FDA0D /* FirebaseRemoteConfig */; };
		17FB543E2B0447D2006FDA0D /* FirebaseRemoteConfigSwift in Frameworks */ = {isa = PBXBuildFile; productRef = 17FB543D2B0447D2006FDA0D /* FirebaseRemoteConfigSwift */; };
		17FB54402B0447D2006FDA0D /* FirebaseStorage in Frameworks */ = {isa = PBXBuildFile; productRef = 17FB543F2B0447D2006FDA0D /* FirebaseStorage */; };
		17FB54422B0447D2006FDA0D /* FirebaseStorageCombine-Community in Frameworks */ = {isa = PBXBuildFile; productRef = 17FB54412B0447D2006FDA0D /* FirebaseStorageCombine-Community */; };
		17FB54452B0449E5006FDA0D /* GoogleSignIn in Frameworks */ = {isa = PBXBuildFile; productRef = 17FB54442B0449E5006FDA0D /* GoogleSignIn */; };
		17FB54472B0449E5006FDA0D /* GoogleSignInSwift in Frameworks */ = {isa = PBXBuildFile; productRef = 17FB54462B0449E5006FDA0D /* GoogleSignInSwift */; };
		17FB54492B044AAD006FDA0D /* GoogleService-Info-4.plist in Resources */ = {isa = PBXBuildFile; fileRef = 17FB54482B044AAD006FDA0D /* GoogleService-Info-4.plist */; };
		9FB5D9BA6DEC578FFA450B89 /* Pods_FinalProject438.framework in Frameworks */ = {isa = PBXBuildFile; fileRef = 824280A7C2803B505CEB0678 /* Pods_FinalProject438.framework */; };
/* End PBXBuildFile section */

/* Begin PBXFileReference section */
		17FB53BA2B0439EF006FDA0D /* FinalProject438.app */ = {isa = PBXFileReference; explicitFileType = wrapper.application; includeInIndex = 0; path = FinalProject438.app; sourceTree = BUILT_PRODUCTS_DIR; };
		17FB53BD2B0439EF006FDA0D /* AppDelegate.swift */ = {isa = PBXFileReference; lastKnownFileType = sourcecode.swift; path = AppDelegate.swift; sourceTree = "<group>"; };
		17FB53BF2B0439EF006FDA0D /* SceneDelegate.swift */ = {isa = PBXFileReference; lastKnownFileType = sourcecode.swift; path = SceneDelegate.swift; sourceTree = "<group>"; };
		17FB53C12B0439EF006FDA0D /* ViewController.swift */ = {isa = PBXFileReference; lastKnownFileType = sourcecode.swift; path = ViewController.swift; sourceTree = "<group>"; };
		17FB53C42B0439EF006FDA0D /* Base */ = {isa = PBXFileReference; lastKnownFileType = file.storyboard; name = Base; path = Base.lproj/Main.storyboard; sourceTree = "<group>"; };
		17FB53C62B0439F0006FDA0D /* Assets.xcassets */ = {isa = PBXFileReference; lastKnownFileType = folder.assetcatalog; path = Assets.xcassets; sourceTree = "<group>"; };
		17FB53C92B0439F0006FDA0D /* Base */ = {isa = PBXFileReference; lastKnownFileType = file.storyboard; name = Base; path = Base.lproj/LaunchScreen.storyboard; sourceTree = "<group>"; };
		17FB53CB2B0439F0006FDA0D /* Info.plist */ = {isa = PBXFileReference; lastKnownFileType = text.plist.xml; path = Info.plist; sourceTree = "<group>"; };
		17FB54482B044AAD006FDA0D /* GoogleService-Info-4.plist */ = {isa = PBXFileReference; fileEncoding = 4; lastKnownFileType = text.plist.xml; path = "GoogleService-Info-4.plist"; sourceTree = "<group>"; };
		824280A7C2803B505CEB0678 /* Pods_FinalProject438.framework */ = {isa = PBXFileReference; explicitFileType = wrapper.framework; includeInIndex = 0; path = Pods_FinalProject438.framework; sourceTree = BUILT_PRODUCTS_DIR; };
		D71E22B340C4B1A0E66FCCAA /* Pods-FinalProject438.release.xcconfig */ = {isa = PBXFileReference; includeInIndex = 1; lastKnownFileType = text.xcconfig; name = "Pods-FinalProject438.release.xcconfig"; path = "Target Support Files/Pods-FinalProject438/Pods-FinalProject438.release.xcconfig"; sourceTree = "<group>"; };
		F929BD39F7E6A121B12F0F37 /* Pods-FinalProject438.debug.xcconfig */ = {isa = PBXFileReference; includeInIndex = 1; lastKnownFileType = text.xcconfig; name = "Pods-FinalProject438.debug.xcconfig"; path = "Target Support Files/Pods-FinalProject438/Pods-FinalProject438.debug.xcconfig"; sourceTree = "<group>"; };
/* End PBXFileReference section */

/* Begin PBXFrameworksBuildPhase section */
		17FB53B72B0439EF006FDA0D /* Frameworks */ = {
			isa = PBXFrameworksBuildPhase;
			buildActionMask = 2147483647;
			files = (
				17FB542C2B0447D2006FDA0D /* FirebaseFunctions in Frameworks */,
				17FB54222B0447D2006FDA0D /* FirebaseDatabaseSwift in Frameworks */,
				17FB54322B0447D2006FDA0D /* FirebaseInAppMessagingSwift-Beta in Frameworks */,
				17FB54382B0447D2006FDA0D /* FirebaseMessaging in Frameworks */,
				17FB54182B0447D1006FDA0D /* FirebaseAppDistribution-Beta in Frameworks */,
				17FB541C2B0447D1006FDA0D /* FirebaseAuthCombine-Community in Frameworks */,
				17FB54282B0447D2006FDA0D /* FirebaseFirestoreCombine-Community in Frameworks */,
				17FB54122B0447D1006FDA0D /* FirebaseAnalyticsSwift in Frameworks */,
				17FB54362B0447D2006FDA0D /* FirebaseMLModelDownloader in Frameworks */,
				17FB54452B0449E5006FDA0D /* GoogleSignIn in Frameworks */,
				17FB54142B0447D1006FDA0D /* FirebaseAnalyticsWithoutAdIdSupport in Frameworks */,
				17FB540E2B0447D1006FDA0D /* FirebaseAnalytics in Frameworks */,
				17FB542A2B0447D2006FDA0D /* FirebaseFirestoreSwift in Frameworks */,
				17FB54102B0447D1006FDA0D /* FirebaseAnalyticsOnDeviceConversion in Frameworks */,
				17FB54162B0447D1006FDA0D /* FirebaseAppCheck in Frameworks */,
				17FB54472B0449E5006FDA0D /* GoogleSignInSwift in Frameworks */,
				17FB543A2B0447D2006FDA0D /* FirebasePerformance in Frameworks */,
				17FB54302B0447D2006FDA0D /* FirebaseInAppMessaging-Beta in Frameworks */,
				17FB542E2B0447D2006FDA0D /* FirebaseFunctionsCombine-Community in Frameworks */,
				17FB541E2B0447D2006FDA0D /* FirebaseCrashlytics in Frameworks */,
				17FB54342B0447D2006FDA0D /* FirebaseInstallations in Frameworks */,
				17FB543C2B0447D2006FDA0D /* FirebaseRemoteConfig in Frameworks */,
				17FB54402B0447D2006FDA0D /* FirebaseStorage in Frameworks */,
				17FB54202B0447D2006FDA0D /* FirebaseDatabase in Frameworks */,
				17FB54422B0447D2006FDA0D /* FirebaseStorageCombine-Community in Frameworks */,
				9FB5D9BA6DEC578FFA450B89 /* Pods_FinalProject438.framework in Frameworks */,
				17FB541A2B0447D1006FDA0D /* FirebaseAuth in Frameworks */,
				17FB54242B0447D2006FDA0D /* FirebaseDynamicLinks in Frameworks */,
				17FB54262B0447D2006FDA0D /* FirebaseFirestore in Frameworks */,
				17FB543E2B0447D2006FDA0D /* FirebaseRemoteConfigSwift in Frameworks */,
			);
			runOnlyForDeploymentPostprocessing = 0;
		};
/* End PBXFrameworksBuildPhase section */

/* Begin PBXGroup section */
		17FB53B12B0439EF006FDA0D = {
			isa = PBXGroup;
			children = (
				17FB53BC2B0439EF006FDA0D /* FinalProject438 */,
				17FB53BB2B0439EF006FDA0D /* Products */,
				ADCC810510404F98CDBE07AA /* Pods */,
				3109A0D686E98177403FA30C /* Frameworks */,
			);
			sourceTree = "<group>";
		};
		17FB53BB2B0439EF006FDA0D /* Products */ = {
			isa = PBXGroup;
			children = (
				17FB53BA2B0439EF006FDA0D /* FinalProject438.app */,
			);
			name = Products;
			sourceTree = "<group>";
		};
		17FB53BC2B0439EF006FDA0D /* FinalProject438 */ = {
			isa = PBXGroup;
			children = (
				17FB53BD2B0439EF006FDA0D /* AppDelegate.swift */,
				17FB53BF2B0439EF006FDA0D /* SceneDelegate.swift */,
				17FB53C12B0439EF006FDA0D /* ViewController.swift */,
				17FB53C32B0439EF006FDA0D /* Main.storyboard */,
				17FB53C62B0439F0006FDA0D /* Assets.xcassets */,
				17FB54482B044AAD006FDA0D /* GoogleService-Info-4.plist */,
				17FB53C82B0439F0006FDA0D /* LaunchScreen.storyboard */,
				17FB53CB2B0439F0006FDA0D /* Info.plist */,
			);
			path = FinalProject438;
			sourceTree = "<group>";
		};
		3109A0D686E98177403FA30C /* Frameworks */ = {
			isa = PBXGroup;
			children = (
				824280A7C2803B505CEB0678 /* Pods_FinalProject438.framework */,
			);
			name = Frameworks;
			sourceTree = "<group>";
		};
		ADCC810510404F98CDBE07AA /* Pods */ = {
			isa = PBXGroup;
			children = (
				F929BD39F7E6A121B12F0F37 /* Pods-FinalProject438.debug.xcconfig */,
				D71E22B340C4B1A0E66FCCAA /* Pods-FinalProject438.release.xcconfig */,
			);
			path = Pods;
			sourceTree = "<group>";
		};
/* End PBXGroup section */

/* Begin PBXNativeTarget section */
		17FB53B92B0439EF006FDA0D /* FinalProject438 */ = {
			isa = PBXNativeTarget;
			buildConfigurationList = 17FB53CE2B0439F0006FDA0D /* Build configuration list for PBXNativeTarget "FinalProject438" */;
			buildPhases = (
				7CA159465B846DDC7FBB13B6 /* [CP] Check Pods Manifest.lock */,
				17FB53B62B0439EF006FDA0D /* Sources */,
				17FB53B72B0439EF006FDA0D /* Frameworks */,
				17FB53B82B0439EF006FDA0D /* Resources */,
				6C38C490278518144EF921E3 /* [CP] Embed Pods Frameworks */,
			);
			buildRules = (
			);
			dependencies = (
			);
			name = FinalProject438;
			packageProductDependencies = (
				17FB540D2B0447D1006FDA0D /* FirebaseAnalytics */,
				17FB540F2B0447D1006FDA0D /* FirebaseAnalyticsOnDeviceConversion */,
				17FB54112B0447D1006FDA0D /* FirebaseAnalyticsSwift */,
				17FB54132B0447D1006FDA0D /* FirebaseAnalyticsWithoutAdIdSupport */,
				17FB54152B0447D1006FDA0D /* FirebaseAppCheck */,
				17FB54172B0447D1006FDA0D /* FirebaseAppDistribution-Beta */,
				17FB54192B0447D1006FDA0D /* FirebaseAuth */,
				17FB541B2B0447D1006FDA0D /* FirebaseAuthCombine-Community */,
				17FB541D2B0447D2006FDA0D /* FirebaseCrashlytics */,
				17FB541F2B0447D2006FDA0D /* FirebaseDatabase */,
				17FB54212B0447D2006FDA0D /* FirebaseDatabaseSwift */,
				17FB54232B0447D2006FDA0D /* FirebaseDynamicLinks */,
				17FB54252B0447D2006FDA0D /* FirebaseFirestore */,
				17FB54272B0447D2006FDA0D /* FirebaseFirestoreCombine-Community */,
				17FB54292B0447D2006FDA0D /* FirebaseFirestoreSwift */,
				17FB542B2B0447D2006FDA0D /* FirebaseFunctions */,
				17FB542D2B0447D2006FDA0D /* FirebaseFunctionsCombine-Community */,
				17FB542F2B0447D2006FDA0D /* FirebaseInAppMessaging-Beta */,
				17FB54312B0447D2006FDA0D /* FirebaseInAppMessagingSwift-Beta */,
				17FB54332B0447D2006FDA0D /* FirebaseInstallations */,
				17FB54352B0447D2006FDA0D /* FirebaseMLModelDownloader */,
				17FB54372B0447D2006FDA0D /* FirebaseMessaging */,
				17FB54392B0447D2006FDA0D /* FirebasePerformance */,
				17FB543B2B0447D2006FDA0D /* FirebaseRemoteConfig */,
				17FB543D2B0447D2006FDA0D /* FirebaseRemoteConfigSwift */,
				17FB543F2B0447D2006FDA0D /* FirebaseStorage */,
				17FB54412B0447D2006FDA0D /* FirebaseStorageCombine-Community */,
				17FB54442B0449E5006FDA0D /* GoogleSignIn */,
				17FB54462B0449E5006FDA0D /* GoogleSignInSwift */,
			);
			productName = FinalProject438;
			productReference = 17FB53BA2B0439EF006FDA0D /* FinalProject438.app */;
			productType = "com.apple.product-type.application";
		};
/* End PBXNativeTarget section */

/* Begin PBXProject section */
		17FB53B22B0439EF006FDA0D /* Project object */ = {
			isa = PBXProject;
			attributes = {
				BuildIndependentTargetsInParallel = 1;
				LastSwiftUpdateCheck = 1500;
				LastUpgradeCheck = 1500;
				TargetAttributes = {
					17FB53B92B0439EF006FDA0D = {
						CreatedOnToolsVersion = 15.0.1;
					};
				};
			};
			buildConfigurationList = 17FB53B52B0439EF006FDA0D /* Build configuration list for PBXProject "FinalProject438" */;
			compatibilityVersion = "Xcode 14.0";
			developmentRegion = en;
			hasScannedForEncodings = 0;
			knownRegions = (
				en,
				Base,
			);
			mainGroup = 17FB53B12B0439EF006FDA0D;
			packageReferences = (
				17FB540C2B0447D1006FDA0D /* XCRemoteSwiftPackageReference "firebase-ios-sdk" */,
				17FB54432B0449E5006FDA0D /* XCRemoteSwiftPackageReference "GoogleSignIn-iOS" */,
			);
			productRefGroup = 17FB53BB2B0439EF006FDA0D /* Products */;
			projectDirPath = "";
			projectRoot = "";
			targets = (
				17FB53B92B0439EF006FDA0D /* FinalProject438 */,
			);
		};
/* End PBXProject section */

/* Begin PBXResourcesBuildPhase section */
		17FB53B82B0439EF006FDA0D /* Resources */ = {
			isa = PBXResourcesBuildPhase;
			buildActionMask = 2147483647;
			files = (
				17FB54492B044AAD006FDA0D /* GoogleService-Info-4.plist in Resources */,
				17FB53CA2B0439F0006FDA0D /* LaunchScreen.storyboard in Resources */,
				17FB53C72B0439F0006FDA0D /* Assets.xcassets in Resources */,
				17FB53C52B0439EF006FDA0D /* Main.storyboard in Resources */,
			);
			runOnlyForDeploymentPostprocessing = 0;
		};
/* End PBXResourcesBuildPhase section */

/* Begin PBXShellScriptBuildPhase section */
		6C38C490278518144EF921E3 /* [CP] Embed Pods Frameworks */ = {
			isa = PBXShellScriptBuildPhase;
			buildActionMask = 2147483647;
			files = (
			);
			inputFileListPaths = (
				"${PODS_ROOT}/Target Support Files/Pods-FinalProject438/Pods-FinalProject438-frameworks-${CONFIGURATION}-input-files.xcfilelist",
			);
			name = "[CP] Embed Pods Frameworks";
			outputFileListPaths = (
				"${PODS_ROOT}/Target Support Files/Pods-FinalProject438/Pods-FinalProject438-frameworks-${CONFIGURATION}-output-files.xcfilelist",
			);
			runOnlyForDeploymentPostprocessing = 0;
			shellPath = /bin/sh;
			shellScript = "\"${PODS_ROOT}/Target Support Files/Pods-FinalProject438/Pods-FinalProject438-frameworks.sh\"\n";
			showEnvVarsInLog = 0;
		};
		7CA159465B846DDC7FBB13B6 /* [CP] Check Pods Manifest.lock */ = {
			isa = PBXShellScriptBuildPhase;
			buildActionMask = 2147483647;
			files = (
			);
			inputFileListPaths = (
			);
			inputPaths = (
				"${PODS_PODFILE_DIR_PATH}/Podfile.lock",
				"${PODS_ROOT}/Manifest.lock",
			);
			name = "[CP] Check Pods Manifest.lock";
			outputFileListPaths = (
			);
			outputPaths = (
				"$(DERIVED_FILE_DIR)/Pods-FinalProject438-checkManifestLockResult.txt",
			);
			runOnlyForDeploymentPostprocessing = 0;
			shellPath = /bin/sh;
			shellScript = "diff \"${PODS_PODFILE_DIR_PATH}/Podfile.lock\" \"${PODS_ROOT}/Manifest.lock\" > /dev/null\nif [ $? != 0 ] ; then\n    # print error to STDERR\n    echo \"error: The sandbox is not in sync with the Podfile.lock. Run 'pod install' or update your CocoaPods installation.\" >&2\n    exit 1\nfi\n# This output is used by Xcode 'outputs' to avoid re-running this script phase.\necho \"SUCCESS\" > \"${SCRIPT_OUTPUT_FILE_0}\"\n";
			showEnvVarsInLog = 0;
		};
/* End PBXShellScriptBuildPhase section */

/* Begin PBXSourcesBuildPhase section */
		17FB53B62B0439EF006FDA0D /* Sources */ = {
			isa = PBXSourcesBuildPhase;
			buildActionMask = 2147483647;
			files = (
				17FB53C22B0439EF006FDA0D /* ViewController.swift in Sources */,
				17FB53BE2B0439EF006FDA0D /* AppDelegate.swift in Sources */,
				17FB53C02B0439EF006FDA0D /* SceneDelegate.swift in Sources */,
			);
			runOnlyForDeploymentPostprocessing = 0;
		};
/* End PBXSourcesBuildPhase section */

/* Begin PBXVariantGroup section */
		17FB53C32B0439EF006FDA0D /* Main.storyboard */ = {
			isa = PBXVariantGroup;
			children = (
				17FB53C42B0439EF006FDA0D /* Base */,
			);
			name = Main.storyboard;
			sourceTree = "<group>";
		};
		17FB53C82B0439F0006FDA0D /* LaunchScreen.storyboard */ = {
			isa = PBXVariantGroup;
			children = (
				17FB53C92B0439F0006FDA0D /* Base */,
			);
			name = LaunchScreen.storyboard;
			sourceTree = "<group>";
		};
/* End PBXVariantGroup section */

/* Begin XCBuildConfiguration section */
		17FB53CC2B0439F0006FDA0D /* Debug */ = {
			isa = XCBuildConfiguration;
			buildSettings = {
				ALWAYS_SEARCH_USER_PATHS = NO;
				ASSETCATALOG_COMPILER_GENERATE_SWIFT_ASSET_SYMBOL_EXTENSIONS = YES;
				CLANG_ANALYZER_NONNULL = YES;
				CLANG_ANALYZER_NUMBER_OBJECT_CONVERSION = YES_AGGRESSIVE;
				CLANG_CXX_LANGUAGE_STANDARD = "gnu++20";
				CLANG_ENABLE_MODULES = YES;
				CLANG_ENABLE_OBJC_ARC = YES;
				CLANG_ENABLE_OBJC_WEAK = YES;
				CLANG_WARN_BLOCK_CAPTURE_AUTORELEASING = YES;
				CLANG_WARN_BOOL_CONVERSION = YES;
				CLANG_WARN_COMMA = YES;
				CLANG_WARN_CONSTANT_CONVERSION = YES;
				CLANG_WARN_DEPRECATED_OBJC_IMPLEMENTATIONS = YES;
				CLANG_WARN_DIRECT_OBJC_ISA_USAGE = YES_ERROR;
				CLANG_WARN_DOCUMENTATION_COMMENTS = YES;
				CLANG_WARN_EMPTY_BODY = YES;
				CLANG_WARN_ENUM_CONVERSION = YES;
				CLANG_WARN_INFINITE_RECURSION = YES;
				CLANG_WARN_INT_CONVERSION = YES;
				CLANG_WARN_NON_LITERAL_NULL_CONVERSION = YES;
				CLANG_WARN_OBJC_IMPLICIT_RETAIN_SELF = YES;
				CLANG_WARN_OBJC_LITERAL_CONVERSION = YES;
				CLANG_WARN_OBJC_ROOT_CLASS = YES_ERROR;
				CLANG_WARN_QUOTED_INCLUDE_IN_FRAMEWORK_HEADER = YES;
				CLANG_WARN_RANGE_LOOP_ANALYSIS = YES;
				CLANG_WARN_STRICT_PROTOTYPES = YES;
				CLANG_WARN_SUSPICIOUS_MOVE = YES;
				CLANG_WARN_UNGUARDED_AVAILABILITY = YES_AGGRESSIVE;
				CLANG_WARN_UNREACHABLE_CODE = YES;
				CLANG_WARN__DUPLICATE_METHOD_MATCH = YES;
				COPY_PHASE_STRIP = NO;
				DEBUG_INFORMATION_FORMAT = dwarf;
				ENABLE_STRICT_OBJC_MSGSEND = YES;
				ENABLE_TESTABILITY = YES;
				ENABLE_USER_SCRIPT_SANDBOXING = YES;
				GCC_C_LANGUAGE_STANDARD = gnu17;
				GCC_DYNAMIC_NO_PIC = NO;
				GCC_NO_COMMON_BLOCKS = YES;
				GCC_OPTIMIZATION_LEVEL = 0;
				GCC_PREPROCESSOR_DEFINITIONS = (
					"DEBUG=1",
					"$(inherited)",
				);
				GCC_WARN_64_TO_32_BIT_CONVERSION = YES;
				GCC_WARN_ABOUT_RETURN_TYPE = YES_ERROR;
				GCC_WARN_UNDECLARED_SELECTOR = YES;
				GCC_WARN_UNINITIALIZED_AUTOS = YES_AGGRESSIVE;
				GCC_WARN_UNUSED_FUNCTION = YES;
				GCC_WARN_UNUSED_VARIABLE = YES;
				IPHONEOS_DEPLOYMENT_TARGET = 17.0;
				LOCALIZATION_PREFERS_STRING_CATALOGS = YES;
				MTL_ENABLE_DEBUG_INFO = INCLUDE_SOURCE;
				MTL_FAST_MATH = YES;
				ONLY_ACTIVE_ARCH = YES;
				SDKROOT = iphoneos;
				SWIFT_ACTIVE_COMPILATION_CONDITIONS = "DEBUG $(inherited)";
				SWIFT_OPTIMIZATION_LEVEL = "-Onone";
			};
			name = Debug;
		};
		17FB53CD2B0439F0006FDA0D /* Release */ = {
			isa = XCBuildConfiguration;
			buildSettings = {
				ALWAYS_SEARCH_USER_PATHS = NO;
				ASSETCATALOG_COMPILER_GENERATE_SWIFT_ASSET_SYMBOL_EXTENSIONS = YES;
				CLANG_ANALYZER_NONNULL = YES;
				CLANG_ANALYZER_NUMBER_OBJECT_CONVERSION = YES_AGGRESSIVE;
				CLANG_CXX_LANGUAGE_STANDARD = "gnu++20";
				CLANG_ENABLE_MODULES = YES;
				CLANG_ENABLE_OBJC_ARC = YES;
				CLANG_ENABLE_OBJC_WEAK = YES;
				CLANG_WARN_BLOCK_CAPTURE_AUTORELEASING = YES;
				CLANG_WARN_BOOL_CONVERSION = YES;
				CLANG_WARN_COMMA = YES;
				CLANG_WARN_CONSTANT_CONVERSION = YES;
				CLANG_WARN_DEPRECATED_OBJC_IMPLEMENTATIONS = YES;
				CLANG_WARN_DIRECT_OBJC_ISA_USAGE = YES_ERROR;
				CLANG_WARN_DOCUMENTATION_COMMENTS = YES;
				CLANG_WARN_EMPTY_BODY = YES;
				CLANG_WARN_ENUM_CONVERSION = YES;
				CLANG_WARN_INFINITE_RECURSION = YES;
				CLANG_WARN_INT_CONVERSION = YES;
				CLANG_WARN_NON_LITERAL_NULL_CONVERSION = YES;
				CLANG_WARN_OBJC_IMPLICIT_RETAIN_SELF = YES;
				CLANG_WARN_OBJC_LITERAL_CONVERSION = YES;
				CLANG_WARN_OBJC_ROOT_CLASS = YES_ERROR;
				CLANG_WARN_QUOTED_INCLUDE_IN_FRAMEWORK_HEADER = YES;
				CLANG_WARN_RANGE_LOOP_ANALYSIS = YES;
				CLANG_WARN_STRICT_PROTOTYPES = YES;
				CLANG_WARN_SUSPICIOUS_MOVE = YES;
				CLANG_WARN_UNGUARDED_AVAILABILITY = YES_AGGRESSIVE;
				CLANG_WARN_UNREACHABLE_CODE = YES;
				CLANG_WARN__DUPLICATE_METHOD_MATCH = YES;
				COPY_PHASE_STRIP = NO;
				DEBUG_INFORMATION_FORMAT = "dwarf-with-dsym";
				ENABLE_NS_ASSERTIONS = NO;
				ENABLE_STRICT_OBJC_MSGSEND = YES;
				ENABLE_USER_SCRIPT_SANDBOXING = YES;
				GCC_C_LANGUAGE_STANDARD = gnu17;
				GCC_NO_COMMON_BLOCKS = YES;
				GCC_WARN_64_TO_32_BIT_CONVERSION = YES;
				GCC_WARN_ABOUT_RETURN_TYPE = YES_ERROR;
				GCC_WARN_UNDECLARED_SELECTOR = YES;
				GCC_WARN_UNINITIALIZED_AUTOS = YES_AGGRESSIVE;
				GCC_WARN_UNUSED_FUNCTION = YES;
				GCC_WARN_UNUSED_VARIABLE = YES;
				IPHONEOS_DEPLOYMENT_TARGET = 17.0;
				LOCALIZATION_PREFERS_STRING_CATALOGS = YES;
				MTL_ENABLE_DEBUG_INFO = NO;
				MTL_FAST_MATH = YES;
				SDKROOT = iphoneos;
				SWIFT_COMPILATION_MODE = wholemodule;
				VALIDATE_PRODUCT = YES;
			};
			name = Release;
		};
		17FB53CF2B0439F0006FDA0D /* Debug */ = {
			isa = XCBuildConfiguration;
			baseConfigurationReference = F929BD39F7E6A121B12F0F37 /* Pods-FinalProject438.debug.xcconfig */;
			buildSettings = {
				ASSETCATALOG_COMPILER_APPICON_NAME = AppIcon;
				ASSETCATALOG_COMPILER_GLOBAL_ACCENT_COLOR_NAME = AccentColor;
				CODE_SIGN_STYLE = Automatic;
				CURRENT_PROJECT_VERSION = 1;
				DEVELOPMENT_TEAM = NL42Q3A4WR;
				GENERATE_INFOPLIST_FILE = YES;
				INFOPLIST_FILE = FinalProject438/Info.plist;
				INFOPLIST_KEY_UIApplicationSupportsIndirectInputEvents = YES;
				INFOPLIST_KEY_UILaunchStoryboardName = LaunchScreen;
				INFOPLIST_KEY_UIMainStoryboardFile = Main;
				INFOPLIST_KEY_UISupportedInterfaceOrientations_iPad = "UIInterfaceOrientationPortrait UIInterfaceOrientationPortraitUpsideDown UIInterfaceOrientationLandscapeLeft UIInterfaceOrientationLandscapeRight";
				INFOPLIST_KEY_UISupportedInterfaceOrientations_iPhone = "UIInterfaceOrientationPortrait UIInterfaceOrientationLandscapeLeft UIInterfaceOrientationLandscapeRight";
				LD_RUNPATH_SEARCH_PATHS = (
					"$(inherited)",
					"@executable_path/Frameworks",
				);
				MARKETING_VERSION = 1.0;
				NEW_SETTING = "";
				PRODUCT_BUNDLE_IDENTIFIER = wustl.FinalProject438;
				PRODUCT_NAME = "$(TARGET_NAME)";
				SWIFT_EMIT_LOC_STRINGS = YES;
				SWIFT_VERSION = 5.0;
				TARGETED_DEVICE_FAMILY = "1,2";
			};
			name = Debug;
		};
		17FB53D02B0439F0006FDA0D /* Release */ = {
			isa = XCBuildConfiguration;
			baseConfigurationReference = D71E22B340C4B1A0E66FCCAA /* Pods-FinalProject438.release.xcconfig */;
			buildSettings = {
				ASSETCATALOG_COMPILER_APPICON_NAME = AppIcon;
				ASSETCATALOG_COMPILER_GLOBAL_ACCENT_COLOR_NAME = AccentColor;
				CODE_SIGN_STYLE = Automatic;
				CURRENT_PROJECT_VERSION = 1;
				DEVELOPMENT_TEAM = NL42Q3A4WR;
				GENERATE_INFOPLIST_FILE = YES;
				INFOPLIST_FILE = FinalProject438/Info.plist;
				INFOPLIST_KEY_UIApplicationSupportsIndirectInputEvents = YES;
				INFOPLIST_KEY_UILaunchStoryboardName = LaunchScreen;
				INFOPLIST_KEY_UIMainStoryboardFile = Main;
				INFOPLIST_KEY_UISupportedInterfaceOrientations_iPad = "UIInterfaceOrientationPortrait UIInterfaceOrientationPortraitUpsideDown UIInterfaceOrientationLandscapeLeft UIInterfaceOrientationLandscapeRight";
				INFOPLIST_KEY_UISupportedInterfaceOrientations_iPhone = "UIInterfaceOrientationPortrait UIInterfaceOrientationLandscapeLeft UIInterfaceOrientationLandscapeRight";
				LD_RUNPATH_SEARCH_PATHS = (
					"$(inherited)",
					"@executable_path/Frameworks",
				);
				MARKETING_VERSION = 1.0;
				NEW_SETTING = "";
				PRODUCT_BUNDLE_IDENTIFIER = wustl.FinalProject438;
				PRODUCT_NAME = "$(TARGET_NAME)";
				SWIFT_EMIT_LOC_STRINGS = YES;
				SWIFT_VERSION = 5.0;
				TARGETED_DEVICE_FAMILY = "1,2";
			};
			name = Release;
		};
/* End XCBuildConfiguration section */

/* Begin XCConfigurationList section */
		17FB53B52B0439EF006FDA0D /* Build configuration list for PBXProject "FinalProject438" */ = {
			isa = XCConfigurationList;
			buildConfigurations = (
				17FB53CC2B0439F0006FDA0D /* Debug */,
				17FB53CD2B0439F0006FDA0D /* Release */,
			);
			defaultConfigurationIsVisible = 0;
			defaultConfigurationName = Release;
		};
		17FB53CE2B0439F0006FDA0D /* Build configuration list for PBXNativeTarget "FinalProject438" */ = {
			isa = XCConfigurationList;
			buildConfigurations = (
				17FB53CF2B0439F0006FDA0D /* Debug */,
				17FB53D02B0439F0006FDA0D /* Release */,
			);
			defaultConfigurationIsVisible = 0;
			defaultConfigurationName = Release;
		};
/* End XCConfigurationList section */

/* Begin XCRemoteSwiftPackageReference section */
		17FB540C2B0447D1006FDA0D /* XCRemoteSwiftPackageReference "firebase-ios-sdk" */ = {
			isa = XCRemoteSwiftPackageReference;
			repositoryURL = "https://github.com/firebase/firebase-ios-sdk.git";
			requirement = {
				kind = upToNextMajorVersion;
				minimumVersion = 10.18.0;
			};
		};
		17FB54432B0449E5006FDA0D /* XCRemoteSwiftPackageReference "GoogleSignIn-iOS" */ = {
			isa = XCRemoteSwiftPackageReference;
			repositoryURL = "https://github.com/google/GoogleSignIn-iOS";
			requirement = {
				kind = upToNextMajorVersion;
				minimumVersion = 7.0.0;
			};
		};
/* End XCRemoteSwiftPackageReference section */

/* Begin XCSwiftPackageProductDependency section */
		17FB540D2B0447D1006FDA0D /* FirebaseAnalytics */ = {
			isa = XCSwiftPackageProductDependency;
			package = 17FB540C2B0447D1006FDA0D /* XCRemoteSwiftPackageReference "firebase-ios-sdk" */;
			productName = FirebaseAnalytics;
		};
		17FB540F2B0447D1006FDA0D /* FirebaseAnalyticsOnDeviceConversion */ = {
			isa = XCSwiftPackageProductDependency;
			package = 17FB540C2B0447D1006FDA0D /* XCRemoteSwiftPackageReference "firebase-ios-sdk" */;
			productName = FirebaseAnalyticsOnDeviceConversion;
		};
		17FB54112B0447D1006FDA0D /* FirebaseAnalyticsSwift */ = {
			isa = XCSwiftPackageProductDependency;
			package = 17FB540C2B0447D1006FDA0D /* XCRemoteSwiftPackageReference "firebase-ios-sdk" */;
			productName = FirebaseAnalyticsSwift;
		};
		17FB54132B0447D1006FDA0D /* FirebaseAnalyticsWithoutAdIdSupport */ = {
			isa = XCSwiftPackageProductDependency;
			package = 17FB540C2B0447D1006FDA0D /* XCRemoteSwiftPackageReference "firebase-ios-sdk" */;
			productName = FirebaseAnalyticsWithoutAdIdSupport;
		};
		17FB54152B0447D1006FDA0D /* FirebaseAppCheck */ = {
			isa = XCSwiftPackageProductDependency;
			package = 17FB540C2B0447D1006FDA0D /* XCRemoteSwiftPackageReference "firebase-ios-sdk" */;
			productName = FirebaseAppCheck;
		};
		17FB54172B0447D1006FDA0D /* FirebaseAppDistribution-Beta */ = {
			isa = XCSwiftPackageProductDependency;
			package = 17FB540C2B0447D1006FDA0D /* XCRemoteSwiftPackageReference "firebase-ios-sdk" */;
			productName = "FirebaseAppDistribution-Beta";
		};
		17FB54192B0447D1006FDA0D /* FirebaseAuth */ = {
			isa = XCSwiftPackageProductDependency;
			package = 17FB540C2B0447D1006FDA0D /* XCRemoteSwiftPackageReference "firebase-ios-sdk" */;
			productName = FirebaseAuth;
		};
		17FB541B2B0447D1006FDA0D /* FirebaseAuthCombine-Community */ = {
			isa = XCSwiftPackageProductDependency;
			package = 17FB540C2B0447D1006FDA0D /* XCRemoteSwiftPackageReference "firebase-ios-sdk" */;
			productName = "FirebaseAuthCombine-Community";
		};
		17FB541D2B0447D2006FDA0D /* FirebaseCrashlytics */ = {
			isa = XCSwiftPackageProductDependency;
			package = 17FB540C2B0447D1006FDA0D /* XCRemoteSwiftPackageReference "firebase-ios-sdk" */;
			productName = FirebaseCrashlytics;
		};
		17FB541F2B0447D2006FDA0D /* FirebaseDatabase */ = {
			isa = XCSwiftPackageProductDependency;
			package = 17FB540C2B0447D1006FDA0D /* XCRemoteSwiftPackageReference "firebase-ios-sdk" */;
			productName = FirebaseDatabase;
		};
		17FB54212B0447D2006FDA0D /* FirebaseDatabaseSwift */ = {
			isa = XCSwiftPackageProductDependency;
			package = 17FB540C2B0447D1006FDA0D /* XCRemoteSwiftPackageReference "firebase-ios-sdk" */;
			productName = FirebaseDatabaseSwift;
		};
		17FB54232B0447D2006FDA0D /* FirebaseDynamicLinks */ = {
			isa = XCSwiftPackageProductDependency;
			package = 17FB540C2B0447D1006FDA0D /* XCRemoteSwiftPackageReference "firebase-ios-sdk" */;
			productName = FirebaseDynamicLinks;
		};
		17FB54252B0447D2006FDA0D /* FirebaseFirestore */ = {
			isa = XCSwiftPackageProductDependency;
			package = 17FB540C2B0447D1006FDA0D /* XCRemoteSwiftPackageReference "firebase-ios-sdk" */;
			productName = FirebaseFirestore;
		};
		17FB54272B0447D2006FDA0D /* FirebaseFirestoreCombine-Community */ = {
			isa = XCSwiftPackageProductDependency;
			package = 17FB540C2B0447D1006FDA0D /* XCRemoteSwiftPackageReference "firebase-ios-sdk" */;
			productName = "FirebaseFirestoreCombine-Community";
		};
		17FB54292B0447D2006FDA0D /* FirebaseFirestoreSwift */ = {
			isa = XCSwiftPackageProductDependency;
			package = 17FB540C2B0447D1006FDA0D /* XCRemoteSwiftPackageReference "firebase-ios-sdk" */;
			productName = FirebaseFirestoreSwift;
		};
		17FB542B2B0447D2006FDA0D /* FirebaseFunctions */ = {
			isa = XCSwiftPackageProductDependency;
			package = 17FB540C2B0447D1006FDA0D /* XCRemoteSwiftPackageReference "firebase-ios-sdk" */;
			productName = FirebaseFunctions;
		};
		17FB542D2B0447D2006FDA0D /* FirebaseFunctionsCombine-Community */ = {
			isa = XCSwiftPackageProductDependency;
			package = 17FB540C2B0447D1006FDA0D /* XCRemoteSwiftPackageReference "firebase-ios-sdk" */;
			productName = "FirebaseFunctionsCombine-Community";
		};
		17FB542F2B0447D2006FDA0D /* FirebaseInAppMessaging-Beta */ = {
			isa = XCSwiftPackageProductDependency;
			package = 17FB540C2B0447D1006FDA0D /* XCRemoteSwiftPackageReference "firebase-ios-sdk" */;
			productName = "FirebaseInAppMessaging-Beta";
		};
		17FB54312B0447D2006FDA0D /* FirebaseInAppMessagingSwift-Beta */ = {
			isa = XCSwiftPackageProductDependency;
			package = 17FB540C2B0447D1006FDA0D /* XCRemoteSwiftPackageReference "firebase-ios-sdk" */;
			productName = "FirebaseInAppMessagingSwift-Beta";
		};
		17FB54332B0447D2006FDA0D /* FirebaseInstallations */ = {
			isa = XCSwiftPackageProductDependency;
			package = 17FB540C2B0447D1006FDA0D /* XCRemoteSwiftPackageReference "firebase-ios-sdk" */;
			productName = FirebaseInstallations;
		};
		17FB54352B0447D2006FDA0D /* FirebaseMLModelDownloader */ = {
			isa = XCSwiftPackageProductDependency;
			package = 17FB540C2B0447D1006FDA0D /* XCRemoteSwiftPackageReference "firebase-ios-sdk" */;
			productName = FirebaseMLModelDownloader;
		};
		17FB54372B0447D2006FDA0D /* FirebaseMessaging */ = {
			isa = XCSwiftPackageProductDependency;
			package = 17FB540C2B0447D1006FDA0D /* XCRemoteSwiftPackageReference "firebase-ios-sdk" */;
			productName = FirebaseMessaging;
		};
		17FB54392B0447D2006FDA0D /* FirebasePerformance */ = {
			isa = XCSwiftPackageProductDependency;
			package = 17FB540C2B0447D1006FDA0D /* XCRemoteSwiftPackageReference "firebase-ios-sdk" */;
			productName = FirebasePerformance;
		};
		17FB543B2B0447D2006FDA0D /* FirebaseRemoteConfig */ = {
			isa = XCSwiftPackageProductDependency;
			package = 17FB540C2B0447D1006FDA0D /* XCRemoteSwiftPackageReference "firebase-ios-sdk" */;
			productName = FirebaseRemoteConfig;
		};
		17FB543D2B0447D2006FDA0D /* FirebaseRemoteConfigSwift */ = {
			isa = XCSwiftPackageProductDependency;
			package = 17FB540C2B0447D1006FDA0D /* XCRemoteSwiftPackageReference "firebase-ios-sdk" */;
			productName = FirebaseRemoteConfigSwift;
		};
		17FB543F2B0447D2006FDA0D /* FirebaseStorage */ = {
			isa = XCSwiftPackageProductDependency;
			package = 17FB540C2B0447D1006FDA0D /* XCRemoteSwiftPackageReference "firebase-ios-sdk" */;
			productName = FirebaseStorage;
		};
		17FB54412B0447D2006FDA0D /* FirebaseStorageCombine-Community */ = {
			isa = XCSwiftPackageProductDependency;
			package = 17FB540C2B0447D1006FDA0D /* XCRemoteSwiftPackageReference "firebase-ios-sdk" */;
			productName = "FirebaseStorageCombine-Community";
		};
		17FB54442B0449E5006FDA0D /* GoogleSignIn */ = {
			isa = XCSwiftPackageProductDependency;
			package = 17FB54432B0449E5006FDA0D /* XCRemoteSwiftPackageReference "GoogleSignIn-iOS" */;
			productName = GoogleSignIn;
		};
		17FB54462B0449E5006FDA0D /* GoogleSignInSwift */ = {
			isa = XCSwiftPackageProductDependency;
			package = 17FB54432B0449E5006FDA0D /* XCRemoteSwiftPackageReference "GoogleSignIn-iOS" */;
			productName = GoogleSignInSwift;
		};
/* End XCSwiftPackageProductDependency section */
	};
	rootObject = 17FB53B22B0439EF006FDA0D /* Project object */;
}
